
Microsoft Visual Studio Solution File, Format Version 12.00
# Visual Studio Version 17
VisualStudioVersion = 17.9.34714.143
MinimumVisualStudioVersion = 10.0.40219.1
Project("{9A19103F-16F7-4668-BE54-9A1E7A4F7556}") = "RogueElements.Tests", "RogueElements.Tests\RogueElements.Tests.csproj", "{3EDB9E87-866C-4A51-A347-547D35C069BF}"
EndProject
Project("{9A19103F-16F7-4668-BE54-9A1E7A4F7556}") = "RogueElements.Examples", "RogueElements.Examples\RogueElements.Examples.csproj", "{D2A41E4D-9EA5-446A-905E-334164E291AE}"
EndProject
Project("{FAE04EC0-301F-11D3-BF4B-00C04F79EFBC}") = "RogueElements8", "RogueElements8\RogueElements8.csproj", "{3577367C-FA65-40FB-B21B-7ED71D1FC0B6}"
EndProject
Global
	GlobalSection(SolutionConfigurationPlatforms) = preSolution
		Debug|Any CPU = Debug|Any CPU
		Debug|Mixed Platforms = Debug|Mixed Platforms
		Debug|x64 = Debug|x64
		Debug|x86 = Debug|x86
		Release|Any CPU = Release|Any CPU
		Release|Mixed Platforms = Release|Mixed Platforms
		Release|x64 = Release|x64
		Release|x86 = Release|x86
	EndGlobalSection
	GlobalSection(ProjectConfigurationPlatforms) = postSolution
		{3EDB9E87-866C-4A51-A347-547D35C069BF}.Debug|Any CPU.ActiveCfg = Debug|Any CPU
		{3EDB9E87-866C-4A51-A347-547D35C069BF}.Debug|Any CPU.Build.0 = Debug|Any CPU
		{3EDB9E87-866C-4A51-A347-547D35C069BF}.Debug|Mixed Platforms.ActiveCfg = Debug|Any CPU
		{3EDB9E87-866C-4A51-A347-547D35C069BF}.Debug|Mixed Platforms.Build.0 = Debug|Any CPU
		{3EDB9E87-866C-4A51-A347-547D35C069BF}.Debug|x64.ActiveCfg = Debug|Any CPU
		{3EDB9E87-866C-4A51-A347-547D35C069BF}.Debug|x64.Build.0 = Debug|Any CPU
		{3EDB9E87-866C-4A51-A347-547D35C069BF}.Debug|x86.ActiveCfg = Debug|Any CPU
		{3EDB9E87-866C-4A51-A347-547D35C069BF}.Debug|x86.Build.0 = Debug|Any CPU
		{3EDB9E87-866C-4A51-A347-547D35C069BF}.Release|Any CPU.ActiveCfg = Release|Any CPU
		{3EDB9E87-866C-4A51-A347-547D35C069BF}.Release|Any CPU.Build.0 = Release|Any CPU
		{3EDB9E87-866C-4A51-A347-547D35C069BF}.Release|Mixed Platforms.ActiveCfg = Release|Any CPU
		{3EDB9E87-866C-4A51-A347-547D35C069BF}.Release|Mixed Platforms.Build.0 = Release|Any CPU
		{3EDB9E87-866C-4A51-A347-547D35C069BF}.Release|x64.ActiveCfg = Release|Any CPU
		{3EDB9E87-866C-4A51-A347-547D35C069BF}.Release|x64.Build.0 = Release|Any CPU
		{3EDB9E87-866C-4A51-A347-547D35C069BF}.Release|x86.ActiveCfg = Release|Any CPU
		{3EDB9E87-866C-4A51-A347-547D35C069BF}.Release|x86.Build.0 = Release|Any CPU
		{D2A41E4D-9EA5-446A-905E-334164E291AE}.Debug|Any CPU.ActiveCfg = Debug|Any CPU
		{D2A41E4D-9EA5-446A-905E-334164E291AE}.Debug|Any CPU.Build.0 = Debug|Any CPU
		{D2A41E4D-9EA5-446A-905E-334164E291AE}.Debug|Mixed Platforms.ActiveCfg = Debug|Any CPU
		{D2A41E4D-9EA5-446A-905E-334164E291AE}.Debug|Mixed Platforms.Build.0 = Debug|Any CPU
		{D2A41E4D-9EA5-446A-905E-334164E291AE}.Debug|x64.ActiveCfg = Debug|Any CPU
		{D2A41E4D-9EA5-446A-905E-334164E291AE}.Debug|x64.Build.0 = Debug|Any CPU
		{D2A41E4D-9EA5-446A-905E-334164E291AE}.Debug|x86.ActiveCfg = Debug|Any CPU
		{D2A41E4D-9EA5-446A-905E-334164E291AE}.Debug|x86.Build.0 = Debug|Any CPU
		{D2A41E4D-9EA5-446A-905E-334164E291AE}.Release|Any CPU.ActiveCfg = Release|Any CPU
		{D2A41E4D-9EA5-446A-905E-334164E291AE}.Release|Any CPU.Build.0 = Release|Any CPU
		{D2A41E4D-9EA5-446A-905E-334164E291AE}.Release|Mixed Platforms.ActiveCfg = Release|Any CPU
		{D2A41E4D-9EA5-446A-905E-334164E291AE}.Release|Mixed Platforms.Build.0 = Release|Any CPU
		{D2A41E4D-9EA5-446A-905E-334164E291AE}.Release|x64.ActiveCfg = Release|Any CPU
		{D2A41E4D-9EA5-446A-905E-334164E291AE}.Release|x64.Build.0 = Release|Any CPU
		{D2A41E4D-9EA5-446A-905E-334164E291AE}.Release|x86.ActiveCfg = Release|Any CPU
		{D2A41E4D-9EA5-446A-905E-334164E291AE}.Release|x86.Build.0 = Release|Any CPU
		{3577367C-FA65-40FB-B21B-7ED71D1FC0B6}.Debug|Any CPU.ActiveCfg = Debug|Any CPU
		{3577367C-FA65-40FB-B21B-7ED71D1FC0B6}.Debug|Any CPU.Build.0 = Debug|Any CPU
		{3577367C-FA65-40FB-B21B-7ED71D1FC0B6}.Debug|Mixed Platforms.ActiveCfg = Debug|Any CPU
		{3577367C-FA65-40FB-B21B-7ED71D1FC0B6}.Debug|Mixed Platforms.Build.0 = Debug|Any CPU
		{3577367C-FA65-40FB-B21B-7ED71D1FC0B6}.Debug|x64.ActiveCfg = Debug|Any CPU
		{3577367C-FA65-40FB-B21B-7ED71D1FC0B6}.Debug|x64.Build.0 = Debug|Any CPU
		{3577367C-FA65-40FB-B21B-7ED71D1FC0B6}.Debug|x86.ActiveCfg = Debug|Any CPU
		{3577367C-FA65-40FB-B21B-7ED71D1FC0B6}.Debug|x86.Build.0 = Debug|Any CPU
		{3577367C-FA65-40FB-B21B-7ED71D1FC0B6}.Release|Any CPU.ActiveCfg = Release|Any CPU
		{3577367C-FA65-40FB-B21B-7ED71D1FC0B6}.Release|Any CPU.Build.0 = Release|Any CPU
		{3577367C-FA65-40FB-B21B-7ED71D1FC0B6}.Release|Mixed Platforms.ActiveCfg = Release|Any CPU
		{3577367C-FA65-40FB-B21B-7ED71D1FC0B6}.Release|Mixed Platforms.Build.0 = Release|Any CPU
		{3577367C-FA65-40FB-B21B-7ED71D1FC0B6}.Release|x64.ActiveCfg = Release|Any CPU
		{3577367C-FA65-40FB-B21B-7ED71D1FC0B6}.Release|x64.Build.0 = Release|Any CPU
		{3577367C-FA65-40FB-B21B-7ED71D1FC0B6}.Release|x86.ActiveCfg = Release|Any CPU
		{3577367C-FA65-40FB-B21B-7ED71D1FC0B6}.Release|x86.Build.0 = Release|Any CPU
	EndGlobalSection
	GlobalSection(SolutionProperties) = preSolution
		HideSolutionNode = FALSE
	EndGlobalSection
	GlobalSection(ExtensibilityGlobals) = postSolution
		SolutionGuid = {07C2CA3C-669E-4420-9534-31B1A0295EFA}
	EndGlobalSection
EndGlobal
